// !$*UTF8*$!
{
	archiveVersion = 1;
	classes = {
	};
	objectVersion = 56;
	objects = {

/* Begin PBXBuildFile section */
		55BA4D012BB1A53700818405 /* StoryView.swift in Sources */ = {isa = PBXBuildFile; fileRef = 55BA4D002BB1A53700818405 /* StoryView.swift */; };
		55BA4D042BB1A73C00818405 /* StoryData.swift in Sources */ = {isa = PBXBuildFile; fileRef = 55BA4D032BB1A73C00818405 /* StoryData.swift */; };
		55BA4D072BB1A80300818405 /* StoryMock.swift in Sources */ = {isa = PBXBuildFile; fileRef = 55BA4D062BB1A80300818405 /* StoryMock.swift */; };
		55BA4D0A2BB1BAAD00818405 /* HomeviewModel.swift in Sources */ = {isa = PBXBuildFile; fileRef = 55BA4D092BB1BAAD00818405 /* HomeviewModel.swift */; };
		55BA4D0D2BB1EE9E00818405 /* PostView.swift in Sources */ = {isa = PBXBuildFile; fileRef = 55BA4D0C2BB1EE9E00818405 /* PostView.swift */; };
		55BA4D0F2BB1F03D00818405 /* Postdata.swift in Sources */ = {isa = PBXBuildFile; fileRef = 55BA4D0E2BB1F03D00818405 /* Postdata.swift */; };
		55BA4D112BB1F44400818405 /* PostMock.swift in Sources */ = {isa = PBXBuildFile; fileRef = 55BA4D102BB1F44400818405 /* PostMock.swift */; };
		55BA4D142BB20F9900818405 /* CustomVideoView.swift in Sources */ = {isa = PBXBuildFile; fileRef = 55BA4D132BB20F9900818405 /* CustomVideoView.swift */; };
		935640012BA71B5400CB573B /* BackfrontPostsApp.swift in Sources */ = {isa = PBXBuildFile; fileRef = 935640002BA71B5400CB573B /* BackfrontPostsApp.swift */; };
		935640032BA71B5400CB573B /* MainView.swift in Sources */ = {isa = PBXBuildFile; fileRef = 935640022BA71B5400CB573B /* MainView.swift */; };
		935640052BA71B5600CB573B /* Assets.xcassets in Resources */ = {isa = PBXBuildFile; fileRef = 935640042BA71B5600CB573B /* Assets.xcassets */; };
		935640082BA71B5600CB573B /* Preview Assets.xcassets in Resources */ = {isa = PBXBuildFile; fileRef = 935640072BA71B5600CB573B /* Preview Assets.xcassets */; };
		935640102BA7203400CB573B /* HomeView.swift in Sources */ = {isa = PBXBuildFile; fileRef = 9356400F2BA7203400CB573B /* HomeView.swift */; };
		935640132BA7216100CB573B /* NotificationView.swift in Sources */ = {isa = PBXBuildFile; fileRef = 935640122BA7216100CB573B /* NotificationView.swift */; };
		935640162BA7221E00CB573B /* ProfileView.swift in Sources */ = {isa = PBXBuildFile; fileRef = 935640152BA7221E00CB573B /* ProfileView.swift */; };
		9356401A2BA724D900CB573B /* UIColors+Extensions.swift in Sources */ = {isa = PBXBuildFile; fileRef = 935640192BA724D900CB573B /* UIColors+Extensions.swift */; };
/* End PBXBuildFile section */

/* Begin PBXFileReference section */
		55BA4D002BB1A53700818405 /* StoryView.swift */ = {isa = PBXFileReference; lastKnownFileType = sourcecode.swift; path = StoryView.swift; sourceTree = "<group>"; };
		55BA4D032BB1A73C00818405 /* StoryData.swift */ = {isa = PBXFileReference; lastKnownFileType = sourcecode.swift; path = StoryData.swift; sourceTree = "<group>"; };
		55BA4D062BB1A80300818405 /* StoryMock.swift */ = {isa = PBXFileReference; lastKnownFileType = sourcecode.swift; path = StoryMock.swift; sourceTree = "<group>"; };
		55BA4D092BB1BAAD00818405 /* HomeviewModel.swift */ = {isa = PBXFileReference; lastKnownFileType = sourcecode.swift; path = HomeviewModel.swift; sourceTree = "<group>"; };
		55BA4D0C2BB1EE9E00818405 /* PostView.swift */ = {isa = PBXFileReference; lastKnownFileType = sourcecode.swift; path = PostView.swift; sourceTree = "<group>"; };
		55BA4D0E2BB1F03D00818405 /* Postdata.swift */ = {isa = PBXFileReference; lastKnownFileType = sourcecode.swift; path = Postdata.swift; sourceTree = "<group>"; };
		55BA4D102BB1F44400818405 /* PostMock.swift */ = {isa = PBXFileReference; lastKnownFileType = sourcecode.swift; path = PostMock.swift; sourceTree = "<group>"; };
		55BA4D132BB20F9900818405 /* CustomVideoView.swift */ = {isa = PBXFileReference; lastKnownFileType = sourcecode.swift; path = CustomVideoView.swift; sourceTree = "<group>"; };
		93563FFD2BA71B5400CB573B /* BackfrontPosts.app */ = {isa = PBXFileReference; explicitFileType = wrapper.application; includeInIndex = 0; path = BackfrontPosts.app; sourceTree = BUILT_PRODUCTS_DIR; };
		935640002BA71B5400CB573B /* BackfrontPostsApp.swift */ = {isa = PBXFileReference; lastKnownFileType = sourcecode.swift; path = BackfrontPostsApp.swift; sourceTree = "<group>"; };
		935640022BA71B5400CB573B /* MainView.swift */ = {isa = PBXFileReference; lastKnownFileType = sourcecode.swift; path = MainView.swift; sourceTree = "<group>"; };
		935640042BA71B5600CB573B /* Assets.xcassets */ = {isa = PBXFileReference; lastKnownFileType = folder.assetcatalog; path = Assets.xcassets; sourceTree = "<group>"; };
		935640072BA71B5600CB573B /* Preview Assets.xcassets */ = {isa = PBXFileReference; lastKnownFileType = folder.assetcatalog; path = "Preview Assets.xcassets"; sourceTree = "<group>"; };
		9356400F2BA7203400CB573B /* HomeView.swift */ = {isa = PBXFileReference; lastKnownFileType = sourcecode.swift; path = HomeView.swift; sourceTree = "<group>"; };
		935640122BA7216100CB573B /* NotificationView.swift */ = {isa = PBXFileReference; lastKnownFileType = sourcecode.swift; path = NotificationView.swift; sourceTree = "<group>"; };
		935640152BA7221E00CB573B /* ProfileView.swift */ = {isa = PBXFileReference; lastKnownFileType = sourcecode.swift; path = ProfileView.swift; sourceTree = "<group>"; };
		935640192BA724D900CB573B /* UIColors+Extensions.swift */ = {isa = PBXFileReference; lastKnownFileType = sourcecode.swift; path = "UIColors+Extensions.swift"; sourceTree = "<group>"; };
/* End PBXFileReference section */

/* Begin PBXFrameworksBuildPhase section */
		93563FFA2BA71B5400CB573B /* Frameworks */ = {
			isa = PBXFrameworksBuildPhase;
			buildActionMask = 2147483647;
			files = (
			);
			runOnlyForDeploymentPostprocessing = 0;
		};
/* End PBXFrameworksBuildPhase section */

/* Begin PBXGroup section */
		55BA4CFF2BB1A51B00818405 /* StoryView */ = {
			isa = PBXGroup;
			children = (
				55BA4D002BB1A53700818405 /* StoryView.swift */,
			);
			path = StoryView;
			sourceTree = "<group>";
		};
		55BA4D022BB1A72500818405 /* Model */ = {
			isa = PBXGroup;
			children = (
				55BA4D052BB1A7F600818405 /* Mock */,
				55BA4D032BB1A73C00818405 /* StoryData.swift */,
				55BA4D0E2BB1F03D00818405 /* Postdata.swift */,
			);
			path = Model;
			sourceTree = "<group>";
		};
		55BA4D052BB1A7F600818405 /* Mock */ = {
			isa = PBXGroup;
			children = (
				55BA4D062BB1A80300818405 /* StoryMock.swift */,
				55BA4D102BB1F44400818405 /* PostMock.swift */,
			);
			path = Mock;
			sourceTree = "<group>";
		};
		55BA4D082BB1BA8800818405 /* ViewModel */ = {
			isa = PBXGroup;
			children = (
				55BA4D092BB1BAAD00818405 /* HomeviewModel.swift */,
			);
			path = ViewModel;
			sourceTree = "<group>";
		};
		55BA4D0B2BB1EE8100818405 /* PostView */ = {
			isa = PBXGroup;
			children = (
				55BA4D0C2BB1EE9E00818405 /* PostView.swift */,
			);
			path = PostView;
			sourceTree = "<group>";
		};
		55BA4D122BB20F7500818405 /* CustomVideoView */ = {
			isa = PBXGroup;
			children = (
				55BA4D132BB20F9900818405 /* CustomVideoView.swift */,
			);
			path = CustomVideoView;
			sourceTree = "<group>";
		};
		93563FF42BA71B5400CB573B = {
			isa = PBXGroup;
			children = (
				93563FFF2BA71B5400CB573B /* BackfrontPosts */,
				93563FFE2BA71B5400CB573B /* Products */,
			);
			sourceTree = "<group>";
		};
		93563FFE2BA71B5400CB573B /* Products */ = {
			isa = PBXGroup;
			children = (
				93563FFD2BA71B5400CB573B /* BackfrontPosts.app */,
			);
			name = Products;
			sourceTree = "<group>";
		};
		93563FFF2BA71B5400CB573B /* BackfrontPosts */ = {
			isa = PBXGroup;
			children = (
				55BA4D122BB20F7500818405 /* CustomVideoView */,
				55BA4D022BB1A72500818405 /* Model */,
				55BA4D0B2BB1EE8100818405 /* PostView */,
				55BA4CFF2BB1A51B00818405 /* StoryView */,
				935640172BA724B200CB573B /* Util */,
				935640142BA7220700CB573B /* ProfileView */,
				935640112BA7214800CB573B /* NotificationView */,
				9356400E2BA7201A00CB573B /* HomeView */,
				935640002BA71B5400CB573B /* BackfrontPostsApp.swift */,
				935640022BA71B5400CB573B /* MainView.swift */,
				935640042BA71B5600CB573B /* Assets.xcassets */,
				935640062BA71B5600CB573B /* Preview Content */,
			);
			path = BackfrontPosts;
			sourceTree = "<group>";
		};
		935640062BA71B5600CB573B /* Preview Content */ = {
			isa = PBXGroup;
			children = (
				935640072BA71B5600CB573B /* Preview Assets.xcassets */,
			);
			path = "Preview Content";
			sourceTree = "<group>";
		};
		9356400E2BA7201A00CB573B /* HomeView */ = {
			isa = PBXGroup;
			children = (
				55BA4D082BB1BA8800818405 /* ViewModel */,
				9356400F2BA7203400CB573B /* HomeView.swift */,
			);
			path = HomeView;
			sourceTree = "<group>";
		};
		935640112BA7214800CB573B /* NotificationView */ = {
			isa = PBXGroup;
			children = (
				935640122BA7216100CB573B /* NotificationView.swift */,
			);
			path = NotificationView;
			sourceTree = "<group>";
		};
		935640142BA7220700CB573B /* ProfileView */ = {
			isa = PBXGroup;
			children = (
				935640152BA7221E00CB573B /* ProfileView.swift */,
			);
			path = ProfileView;
			sourceTree = "<group>";
		};
		935640172BA724B200CB573B /* Util */ = {
			isa = PBXGroup;
			children = (
				935640182BA724BC00CB573B /* Extensions */,
			);
			path = Util;
			sourceTree = "<group>";
		};
		935640182BA724BC00CB573B /* Extensions */ = {
			isa = PBXGroup;
			children = (
				935640192BA724D900CB573B /* UIColors+Extensions.swift */,
			);
			path = Extensions;
			sourceTree = "<group>";
		};
/* End PBXGroup section */

/* Begin PBXNativeTarget section */
		93563FFC2BA71B5400CB573B /* BackfrontPosts */ = {
			isa = PBXNativeTarget;
			buildConfigurationList = 9356400B2BA71B5600CB573B /* Build configuration list for PBXNativeTarget "BackfrontPosts" */;
			buildPhases = (
				93563FF92BA71B5400CB573B /* Sources */,
				93563FFA2BA71B5400CB573B /* Frameworks */,
				93563FFB2BA71B5400CB573B /* Resources */,
			);
			buildRules = (
			);
			dependencies = (
			);
			name = BackfrontPosts;
			productName = BackfrontPosts;
			productReference = 93563FFD2BA71B5400CB573B /* BackfrontPosts.app */;
			productType = "com.apple.product-type.application";
		};
/* End PBXNativeTarget section */

/* Begin PBXProject section */
		93563FF52BA71B5400CB573B /* Project object */ = {
			isa = PBXProject;
			attributes = {
				BuildIndependentTargetsInParallel = 1;
				LastSwiftUpdateCheck = 1520;
				LastUpgradeCheck = 1520;
				TargetAttributes = {
					93563FFC2BA71B5400CB573B = {
						CreatedOnToolsVersion = 15.2;
					};
				};
			};
			buildConfigurationList = 93563FF82BA71B5400CB573B /* Build configuration list for PBXProject "BackfrontPosts" */;
			compatibilityVersion = "Xcode 14.0";
			developmentRegion = en;
			hasScannedForEncodings = 0;
			knownRegions = (
				en,
				Base,
			);
			mainGroup = 93563FF42BA71B5400CB573B;
			productRefGroup = 93563FFE2BA71B5400CB573B /* Products */;
			projectDirPath = "";
			projectRoot = "";
			targets = (
				93563FFC2BA71B5400CB573B /* BackfrontPosts */,
			);
		};
/* End PBXProject section */

/* Begin PBXResourcesBuildPhase section */
		93563FFB2BA71B5400CB573B /* Resources */ = {
			isa = PBXResourcesBuildPhase;
			buildActionMask = 2147483647;
			files = (
				935640082BA71B5600CB573B /* Preview Assets.xcassets in Resources */,
				935640052BA71B5600CB573B /* Assets.xcassets in Resources */,
			);
			runOnlyForDeploymentPostprocessing = 0;
		};
/* End PBXResourcesBuildPhase section */

/* Begin PBXSourcesBuildPhase section */
		93563FF92BA71B5400CB573B /* Sources */ = {
			isa = PBXSourcesBuildPhase;
			buildActionMask = 2147483647;
			files = (
				935640102BA7203400CB573B /* HomeView.swift in Sources */,
				935640032BA71B5400CB573B /* MainView.swift in Sources */,
				935640162BA7221E00CB573B /* ProfileView.swift in Sources */,
				55BA4D012BB1A53700818405 /* StoryView.swift in Sources */,
				55BA4D072BB1A80300818405 /* StoryMock.swift in Sources */,
				935640012BA71B5400CB573B /* BackfrontPostsApp.swift in Sources */,
				55BA4D042BB1A73C00818405 /* StoryData.swift in Sources */,
				55BA4D142BB20F9900818405 /* CustomVideoView.swift in Sources */,
				935640132BA7216100CB573B /* NotificationView.swift in Sources */,
				9356401A2BA724D900CB573B /* UIColors+Extensions.swift in Sources */,
				55BA4D0F2BB1F03D00818405 /* Postdata.swift in Sources */,
				55BA4D0A2BB1BAAD00818405 /* HomeviewModel.swift in Sources */,
				55BA4D0D2BB1EE9E00818405 /* PostView.swift in Sources */,
				55BA4D112BB1F44400818405 /* PostMock.swift in Sources */,
			);
			runOnlyForDeploymentPostprocessing = 0;
		};
/* End PBXSourcesBuildPhase section */

/* Begin XCBuildConfiguration section */
		935640092BA71B5600CB573B /* Debug */ = {
			isa = XCBuildConfiguration;
			buildSettings = {
				ALWAYS_SEARCH_USER_PATHS = NO;
				ASSETCATALOG_COMPILER_GENERATE_SWIFT_ASSET_SYMBOL_EXTENSIONS = YES;
				CLANG_ANALYZER_NONNULL = YES;
				CLANG_ANALYZER_NUMBER_OBJECT_CONVERSION = YES_AGGRESSIVE;
				CLANG_CXX_LANGUAGE_STANDARD = "gnu++20";
				CLANG_ENABLE_MODULES = YES;
				CLANG_ENABLE_OBJC_ARC = YES;
				CLANG_ENABLE_OBJC_WEAK = YES;
				CLANG_WARN_BLOCK_CAPTURE_AUTORELEASING = YES;
				CLANG_WARN_BOOL_CONVERSION = YES;
				CLANG_WARN_COMMA = YES;
				CLANG_WARN_CONSTANT_CONVERSION = YES;
				CLANG_WARN_DEPRECATED_OBJC_IMPLEMENTATIONS = YES;
				CLANG_WARN_DIRECT_OBJC_ISA_USAGE = YES_ERROR;
				CLANG_WARN_DOCUMENTATION_COMMENTS = YES;
				CLANG_WARN_EMPTY_BODY = YES;
				CLANG_WARN_ENUM_CONVERSION = YES;
				CLANG_WARN_INFINITE_RECURSION = YES;
				CLANG_WARN_INT_CONVERSION = YES;
				CLANG_WARN_NON_LITERAL_NULL_CONVERSION = YES;
				CLANG_WARN_OBJC_IMPLICIT_RETAIN_SELF = YES;
				CLANG_WARN_OBJC_LITERAL_CONVERSION = YES;
				CLANG_WARN_OBJC_ROOT_CLASS = YES_ERROR;
				CLANG_WARN_QUOTED_INCLUDE_IN_FRAMEWORK_HEADER = YES;
				CLANG_WARN_RANGE_LOOP_ANALYSIS = YES;
				CLANG_WARN_STRICT_PROTOTYPES = YES;
				CLANG_WARN_SUSPICIOUS_MOVE = YES;
				CLANG_WARN_UNGUARDED_AVAILABILITY = YES_AGGRESSIVE;
				CLANG_WARN_UNREACHABLE_CODE = YES;
				CLANG_WARN__DUPLICATE_METHOD_MATCH = YES;
				COPY_PHASE_STRIP = NO;
				DEBUG_INFORMATION_FORMAT = dwarf;
				ENABLE_STRICT_OBJC_MSGSEND = YES;
				ENABLE_TESTABILITY = YES;
				ENABLE_USER_SCRIPT_SANDBOXING = YES;
				GCC_C_LANGUAGE_STANDARD = gnu17;
				GCC_DYNAMIC_NO_PIC = NO;
				GCC_NO_COMMON_BLOCKS = YES;
				GCC_OPTIMIZATION_LEVEL = 0;
				GCC_PREPROCESSOR_DEFINITIONS = (
					"DEBUG=1",
					"$(inherited)",
				);
				GCC_WARN_64_TO_32_BIT_CONVERSION = YES;
				GCC_WARN_ABOUT_RETURN_TYPE = YES_ERROR;
				GCC_WARN_UNDECLARED_SELECTOR = YES;
				GCC_WARN_UNINITIALIZED_AUTOS = YES_AGGRESSIVE;
				GCC_WARN_UNUSED_FUNCTION = YES;
				GCC_WARN_UNUSED_VARIABLE = YES;
				IPHONEOS_DEPLOYMENT_TARGET = 17.2;
				LOCALIZATION_PREFERS_STRING_CATALOGS = YES;
				MTL_ENABLE_DEBUG_INFO = INCLUDE_SOURCE;
				MTL_FAST_MATH = YES;
				ONLY_ACTIVE_ARCH = YES;
				SDKROOT = iphoneos;
				SWIFT_ACTIVE_COMPILATION_CONDITIONS = "DEBUG $(inherited)";
				SWIFT_OPTIMIZATION_LEVEL = "-Onone";
			};
			name = Debug;
		};
		9356400A2BA71B5600CB573B /* Release */ = {
			isa = XCBuildConfiguration;
			buildSettings = {
				ALWAYS_SEARCH_USER_PATHS = NO;
				ASSETCATALOG_COMPILER_GENERATE_SWIFT_ASSET_SYMBOL_EXTENSIONS = YES;
				CLANG_ANALYZER_NONNULL = YES;
				CLANG_ANALYZER_NUMBER_OBJECT_CONVERSION = YES_AGGRESSIVE;
				CLANG_CXX_LANGUAGE_STANDARD = "gnu++20";
				CLANG_ENABLE_MODULES = YES;
				CLANG_ENABLE_OBJC_ARC = YES;
				CLANG_ENABLE_OBJC_WEAK = YES;
				CLANG_WARN_BLOCK_CAPTURE_AUTORELEASING = YES;
				CLANG_WARN_BOOL_CONVERSION = YES;
				CLANG_WARN_COMMA = YES;
				CLANG_WARN_CONSTANT_CONVERSION = YES;
				CLANG_WARN_DEPRECATED_OBJC_IMPLEMENTATIONS = YES;
				CLANG_WARN_DIRECT_OBJC_ISA_USAGE = YES_ERROR;
				CLANG_WARN_DOCUMENTATION_COMMENTS = YES;
				CLANG_WARN_EMPTY_BODY = YES;
				CLANG_WARN_ENUM_CONVERSION = YES;
				CLANG_WARN_INFINITE_RECURSION = YES;
				CLANG_WARN_INT_CONVERSION = YES;
				CLANG_WARN_NON_LITERAL_NULL_CONVERSION = YES;
				CLANG_WARN_OBJC_IMPLICIT_RETAIN_SELF = YES;
				CLANG_WARN_OBJC_LITERAL_CONVERSION = YES;
				CLANG_WARN_OBJC_ROOT_CLASS = YES_ERROR;
				CLANG_WARN_QUOTED_INCLUDE_IN_FRAMEWORK_HEADER = YES;
				CLANG_WARN_RANGE_LOOP_ANALYSIS = YES;
				CLANG_WARN_STRICT_PROTOTYPES = YES;
				CLANG_WARN_SUSPICIOUS_MOVE = YES;
				CLANG_WARN_UNGUARDED_AVAILABILITY = YES_AGGRESSIVE;
				CLANG_WARN_UNREACHABLE_CODE = YES;
				CLANG_WARN__DUPLICATE_METHOD_MATCH = YES;
				COPY_PHASE_STRIP = NO;
				DEBUG_INFORMATION_FORMAT = "dwarf-with-dsym";
				ENABLE_NS_ASSERTIONS = NO;
				ENABLE_STRICT_OBJC_MSGSEND = YES;
				ENABLE_USER_SCRIPT_SANDBOXING = YES;
				GCC_C_LANGUAGE_STANDARD = gnu17;
				GCC_NO_COMMON_BLOCKS = YES;
				GCC_WARN_64_TO_32_BIT_CONVERSION = YES;
				GCC_WARN_ABOUT_RETURN_TYPE = YES_ERROR;
				GCC_WARN_UNDECLARED_SELECTOR = YES;
				GCC_WARN_UNINITIALIZED_AUTOS = YES_AGGRESSIVE;
				GCC_WARN_UNUSED_FUNCTION = YES;
				GCC_WARN_UNUSED_VARIABLE = YES;
				IPHONEOS_DEPLOYMENT_TARGET = 17.2;
				LOCALIZATION_PREFERS_STRING_CATALOGS = YES;
				MTL_ENABLE_DEBUG_INFO = NO;
				MTL_FAST_MATH = YES;
				SDKROOT = iphoneos;
				SWIFT_COMPILATION_MODE = wholemodule;
				VALIDATE_PRODUCT = YES;
			};
			name = Release;
		};
		9356400C2BA71B5600CB573B /* Debug */ = {
			isa = XCBuildConfiguration;
			buildSettings = {
				ASSETCATALOG_COMPILER_APPICON_NAME = AppIcon;
				ASSETCATALOG_COMPILER_GLOBAL_ACCENT_COLOR_NAME = AccentColor;
				CODE_SIGN_STYLE = Automatic;
				CURRENT_PROJECT_VERSION = 1;
				DEVELOPMENT_ASSET_PATHS = "\"BackfrontPosts/Preview Content\"";
				DEVELOPMENT_TEAM = Z65S7PS6QS;
				ENABLE_PREVIEWS = YES;
				GENERATE_INFOPLIST_FILE = YES;
				INFOPLIST_KEY_UIApplicationSceneManifest_Generation = YES;
				INFOPLIST_KEY_UIApplicationSupportsIndirectInputEvents = YES;
				INFOPLIST_KEY_UILaunchScreen_Generation = YES;
				INFOPLIST_KEY_UISupportedInterfaceOrientations_iPad = "UIInterfaceOrientationPortrait UIInterfaceOrientationPortraitUpsideDown UIInterfaceOrientationLandscapeLeft UIInterfaceOrientationLandscapeRight";
				INFOPLIST_KEY_UISupportedInterfaceOrientations_iPhone = "UIInterfaceOrientationPortrait UIInterfaceOrientationLandscapeLeft UIInterfaceOrientationLandscapeRight";
				LD_RUNPATH_SEARCH_PATHS = (
					"$(inherited)",
					"@executable_path/Frameworks",
				);
				MARKETING_VERSION = 1.0;
				PRODUCT_BUNDLE_IDENTIFIER = www.felipe.com.BackfrontPosts;
				PRODUCT_NAME = "$(TARGET_NAME)";
				SUPPORTED_PLATFORMS = "iphoneos iphonesimulator";
				SUPPORTS_MACCATALYST = NO;
				SUPPORTS_MAC_DESIGNED_FOR_IPHONE_IPAD = NO;
				SUPPORTS_XR_DESIGNED_FOR_IPHONE_IPAD = NO;
				SWIFT_EMIT_LOC_STRINGS = YES;
				SWIFT_VERSION = 5.0;
				TARGETED_DEVICE_FAMILY = 1;
			};
			name = Debug;
		};
		9356400D2BA71B5600CB573B /* Release */ = {
			isa = XCBuildConfiguration;
			buildSettings = {
				ASSETCATALOG_COMPILER_APPICON_NAME = AppIcon;
				ASSETCATALOG_COMPILER_GLOBAL_ACCENT_COLOR_NAME = AccentColor;
				CODE_SIGN_STYLE = Automatic;
				CURRENT_PROJECT_VERSION = 1;
				DEVELOPMENT_ASSET_PATHS = "\"BackfrontPosts/Preview Content\"";
				DEVELOPMENT_TEAM = Z65S7PS6QS;
				ENABLE_PREVIEWS = YES;
				GENERATE_INFOPLIST_FILE = YES;
				INFOPLIST_KEY_UIApplicationSceneManifest_Generation = YES;
				INFOPLIST_KEY_UIApplicationSupportsIndirectInputEvents = YES;
				INFOPLIST_KEY_UILaunchScreen_Generation = YES;
				INFOPLIST_KEY_UISupportedInterfaceOrientations_iPad = "UIInterfaceOrientationPortrait UIInterfaceOrientationPortraitUpsideDown UIInterfaceOrientationLandscapeLeft UIInterfaceOrientationLandscapeRight";
				INFOPLIST_KEY_UISupportedInterfaceOrientations_iPhone = "UIInterfaceOrientationPortrait UIInterfaceOrientationLandscapeLeft UIInterfaceOrientationLandscapeRight";
				LD_RUNPATH_SEARCH_PATHS = (
					"$(inherited)",
					"@executable_path/Frameworks",
				);
				MARKETING_VERSION = 1.0;
				PRODUCT_BUNDLE_IDENTIFIER = www.felipe.com.BackfrontPosts;
				PRODUCT_NAME = "$(TARGET_NAME)";
				SUPPORTED_PLATFORMS = "iphoneos iphonesimulator";
				SUPPORTS_MACCATALYST = NO;
				SUPPORTS_MAC_DESIGNED_FOR_IPHONE_IPAD = NO;
				SUPPORTS_XR_DESIGNED_FOR_IPHONE_IPAD = NO;
				SWIFT_EMIT_LOC_STRINGS = YES;
				SWIFT_VERSION = 5.0;
				TARGETED_DEVICE_FAMILY = 1;
			};
			name = Release;
		};
/* End XCBuildConfiguration section */

/* Begin XCConfigurationList section */
		93563FF82BA71B5400CB573B /* Build configuration list for PBXProject "BackfrontPosts" */ = {
			isa = XCConfigurationList;
			buildConfigurations = (
				935640092BA71B5600CB573B /* Debug */,
				9356400A2BA71B5600CB573B /* Release */,
			);
			defaultConfigurationIsVisible = 0;
			defaultConfigurationName = Release;
		};
		9356400B2BA71B5600CB573B /* Build configuration list for PBXNativeTarget "BackfrontPosts" */ = {
			isa = XCConfigurationList;
			buildConfigurations = (
				9356400C2BA71B5600CB573B /* Debug */,
				9356400D2BA71B5600CB573B /* Release */,
			);
			defaultConfigurationIsVisible = 0;
			defaultConfigurationName = Release;
		};
/* End XCConfigurationList section */
	};
	rootObject = 93563FF52BA71B5400CB573B /* Project object */;
}
